
Microsoft Visual Studio Solution File, Format Version 12.00
Project("{FAE04EC0-301F-11D3-BF4B-00C04F79EFBC}") = "Campuscourse", "Campuscourse\Campuscourse.csproj", "{30239117-1CBF-48BE-96D4-2C4E343F4874}"
EndProject
Global
	GlobalSection(SolutionConfigurationPlatforms) = preSolution
		Debug|Any CPU = Debug|Any CPU
		Release|Any CPU = Release|Any CPU
	EndGlobalSection
	GlobalSection(ProjectConfigurationPlatforms) = postSolution
		{30239117-1CBF-48BE-96D4-2C4E343F4874}.Debug|Any CPU.ActiveCfg = Debug|Any CPU
		{30239117-1CBF-48BE-96D4-2C4E343F4874}.Debug|Any CPU.Build.0 = Debug|Any CPU
		{30239117-1CBF-48BE-96D4-2C4E343F4874}.Release|Any CPU.ActiveCfg = Release|Any CPU
		{30239117-1CBF-48BE-96D4-2C4E343F4874}.Release|Any CPU.Build.0 = Release|Any CPU
	EndGlobalSection
EndGlobal
